{
  "name": "OzoneAppsMall",
  "version": "2.0.0",
  "dependencies": {
    "adm-zip": {
      "version": "0.4.4",
      "from": "adm-zip@~0.4.4"
    },
    "async": {
      "version": "0.9.0",
      "from": "async@0.x"
    },
    "connect-memcached": {
      "version": "0.0.6",
      "from": "connect-memcached@0.0.6",
      "dependencies": {
        "memcached": {
          "version": "0.2.2",
          "from": "memcached@0.2.2",
          "dependencies": {
            "hashring": {
              "version": "0.0.8",
              "from": "hashring@0.0.x",
              "dependencies": {
                "bisection": {
                  "version": "0.0.3",
                  "from": "bisection@"
                },
                "simple-lru-cache": {
                  "version": "0.0.1",
                  "from": "simple-lru-cache@0.0.x"
                }
              }
            },
            "jackpot": {
              "version": "0.0.6",
              "from": "jackpot@>=0.0.2",
              "dependencies": {
                "retry": {
                  "version": "0.6.0",
                  "from": "retry@0.6.0"
                }
              }
            }
          }
        }
      }
    },
    "connect-redis": {
      "version": "1.4.7",
      "from": "connect-redis@1.4.7",
      "dependencies": {
        "debug": {
          "version": "1.0.1",
          "from": "debug@*",
          "dependencies": {
            "ms": {
              "version": "0.6.2",
              "from": "ms@0.6.2"
            }
          }
        }
      }
    },
    "ejs": {
      "version": "0.8.8",
      "from": "ejs@~0.8.5"
    },
    "ejs-locals": {
      "version": "1.0.2",
      "from": "ejs-locals@1.x"
    },
    "express": {
      "version": "3.10.3",
      "from": "express@3.x",
      "dependencies": {
        "buffer-crc32": {
          "version": "0.2.1",
          "from": "buffer-crc32@0.2.1"
        },
        "connect": {
          "version": "2.19.4",
          "from": "connect@2.19.4",
          "dependencies": {
            "basic-auth-connect": {
              "version": "1.0.0",
              "from": "basic-auth-connect@1.0.0"
            },
            "body-parser": {
              "version": "1.3.0",
              "from": "body-parser@1.3.0",
              "dependencies": {
                "raw-body": {
                  "version": "1.1.6",
                  "from": "raw-body@1.1.6"
                }
              }
            },
            "bytes": {
              "version": "1.0.0",
              "from": "bytes@1.0.0"
            },
            "cookie-parser": {
              "version": "1.1.0",
              "from": "cookie-parser@1.1.0"
            },
            "compression": {
              "version": "1.0.6",
              "from": "compression@1.0.6",
              "dependencies": {
                "accepts": {
                  "version": "1.0.2",
                  "from": "accepts@1.0.2",
                  "dependencies": {
                    "negotiator": {
                      "version": "0.4.5",
                      "from": "negotiator@0.4.5"
                    }
                  }
                },
                "compressible": {
                  "version": "1.0.1",
                  "from": "compressible@1.0.1"
                }
              }
            },
            "connect-timeout": {
              "version": "1.1.0",
              "from": "connect-timeout@1.1.0"
            },
            "csurf": {
              "version": "1.2.0",
              "from": "csurf@1.2.0",
              "dependencies": {
                "uid2": {
                  "version": "0.0.3",
                  "from": "uid2@~0.0.2"
                },
                "scmp": {
                  "version": "0.0.3",
                  "from": "scmp@~0.0.3"
                }
              }
            },
            "errorhandler": {
              "version": "1.0.2",
              "from": "errorhandler@1.0.2"
            },
            "express-session": {
              "version": "1.2.1",
              "from": "express-session@1.2.1",
              "dependencies": {
                "utils-merge": {
                  "version": "1.0.0",
                  "from": "utils-merge@1.0.0"
                },
                "uid2": {
                  "version": "0.0.3",
                  "from": "uid2@~0.0.2"
                }
              }
            },
            "method-override": {
              "version": "2.0.2",
              "from": "method-override@2.0.2"
            },
            "morgan": {
              "version": "1.1.1",
              "from": "morgan@1.1.1"
            },
            "multiparty": {
              "version": "3.2.8",
              "from": "multiparty@3.2.8",
              "dependencies": {
                "readable-stream": {
                  "version": "1.1.13-1",
                  "from": "readable-stream@~1.1.9",
                  "dependencies": {
                    "core-util-is": {
                      "version": "1.0.1",
                      "from": "core-util-is@~1.0.0"
                    },
                    "isarray": {
                      "version": "0.0.1",
                      "from": "isarray@0.0.1"
                    },
                    "string_decoder": {
                      "version": "0.10.25-1",
                      "from": "string_decoder@~0.10.x"
                    },
                    "inherits": {
                      "version": "2.0.1",
                      "from": "inherits@~2.0.1"
                    }
                  }
                },
                "stream-counter": {
                  "version": "0.2.0",
                  "from": "stream-counter@~0.2.0"
                }
              }
            },
            "on-headers": {
              "version": "0.0.0",
              "from": "on-headers@0.0.0"
            },
            "qs": {
              "version": "0.6.6",
              "from": "qs@0.6.6"
            },
            "response-time": {
              "version": "2.0.0",
              "from": "response-time@2.0.0"
            },
            "serve-favicon": {
              "version": "2.0.1",
              "from": "serve-favicon@2.0.1"
            },
            "serve-index": {
              "version": "1.1.0",
              "from": "serve-index@1.1.0",
              "dependencies": {
                "accepts": {
                  "version": "1.0.2",
                  "from": "accepts@1.0.2",
                  "dependencies": {
                    "negotiator": {
                      "version": "0.4.5",
                      "from": "negotiator@0.4.5"
                    }
                  }
                },
                "batch": {
                  "version": "0.5.0",
                  "from": "batch@0.5.0"
                }
              }
            },
            "serve-static": {
              "version": "1.2.1",
              "from": "serve-static@1.2.1"
            },
            "type-is": {
              "version": "1.2.0",
              "from": "type-is@1.2.0"
            },
            "vhost": {
              "version": "1.0.0",
              "from": "vhost@1.0.0"
            },
            "pause": {
              "version": "0.0.1",
              "from": "pause@0.0.1"
            },
            "debug": {
              "version": "0.8.1",
              "from": "debug@>= 0.8.0 < 1"
            }
          }
        },
        "commander": {
          "version": "1.3.2",
          "from": "commander@1.3.2",
          "dependencies": {
            "keypress": {
              "version": "0.1.0",
              "from": "keypress@0.1.x"
            }
          }
        },
        "debug": {
          "version": "1.0.0",
          "from": "debug@1.0.0",
          "dependencies": {
            "ms": {
              "version": "0.6.2",
              "from": "ms@0.6.2"
            }
          }
        },
        "escape-html": {
          "version": "1.0.1",
          "from": "escape-html@1.0.1"
        },
        "methods": {
          "version": "1.0.1",
          "from": "methods@1.0.1"
        },
        "mkdirp": {
          "version": "0.5.0",
          "from": "mkdirp@0.5.0",
          "dependencies": {
            "minimist": {
              "version": "0.0.8",
              "from": "minimist@0.0.8"
            }
          }
        },
        "parseurl": {
          "version": "1.0.1",
          "from": "parseurl@1.0.1"
        },
        "proxy-addr": {
          "version": "1.0.1",
          "from": "proxy-addr@1.0.1",
          "dependencies": {
            "ipaddr.js": {
              "version": "0.1.2",
              "from": "ipaddr.js@0.1.2"
            }
          }
        },
        "range-parser": {
          "version": "1.0.0",
          "from": "range-parser@1.0.0"
        },
        "send": {
          "version": "0.4.1",
          "from": "send@0.4.1",
          "resolved": "https://registry.npmjs.org/send/-/send-0.4.1.tgz",
          "dependencies": {
            "debug": {
              "version": "0.8.1",
              "from": "debug@0.8.1"
            },
            "finished": {
              "version": "1.1.4",
              "from": "finished@1.1.4"
            }
          }
        },
        "vary": {
          "version": "0.1.0",
          "from": "vary@0.1.0"
        },
        "cookie": {
          "version": "0.1.2",
          "from": "cookie@0.1.2"
        },
        "fresh": {
          "version": "0.2.2",
          "from": "fresh@0.2.2"
        },
        "cookie-signature": {
          "version": "1.0.3",
          "from": "cookie-signature@1.0.3"
        },
        "merge-descriptors": {
          "version": "0.0.2",
          "from": "merge-descriptors@0.0.2"
        }
      }
    },
    "methods": {
      "version": "0.0.1",
      "from": "methods@0.0.1"
    },
    "mime": {
      "version": "1.2.11",
      "from": "mime@^1.2.11"
    },
    "mkdirp": {
      "version": "0.3.5",
      "from": "mkdirp@0.3.x"
    },
    "mongodb": {
      "version": "1.4.1",
      "from": "mongodb@1.4.1",
      "dependencies": {
        "bson": {
          "version": "0.2.7",
          "from": "bson@0.2.7",
          "dependencies": {
            "nan": {
              "version": "0.8.0",
              "from": "nan@~0.8.0"
            }
          }
        },
        "kerberos": {
          "version": "0.0.3",
          "from": "kerberos@0.0.3"
        }
      }
    },
    "redis": {
      "version": "0.10.3",
      "from": "redis@^0.10.1"
    },
    "socket.io": {
      "version": "0.9.17",
      "from": "socket.io@0.9.x",
      "dependencies": {
        "socket.io-client": {
          "version": "0.9.16",
          "from": "socket.io-client@0.9.16",
          "dependencies": {
            "uglify-js": {
              "version": "1.2.5",
              "from": "uglify-js@1.2.5"
            },
            "ws": {
              "version": "0.4.31",
              "from": "ws@0.4.x",
              "dependencies": {
                "commander": {
                  "version": "0.6.1",
                  "from": "commander@~0.6.1"
                },
                "nan": {
                  "version": "0.3.2",
                  "from": "nan@~0.3.0"
                },
                "tinycolor": {
                  "version": "0.0.1",
                  "from": "tinycolor@0.x"
                },
                "options": {
                  "version": "0.0.5",
                  "from": "options@>=0.0.5"
                }
              }
            },
            "xmlhttprequest": {
              "version": "1.4.2",
              "from": "xmlhttprequest@1.4.2"
            },
            "active-x-obfuscator": {
              "version": "0.0.1",
              "from": "active-x-obfuscator@0.0.1",
              "dependencies": {
                "zeparser": {
                  "version": "0.0.5",
                  "from": "zeparser@0.0.5"
                }
              }
            }
          }
        },
        "policyfile": {
          "version": "0.0.4",
          "from": "policyfile@0.0.4"
        },
        "base64id": {
          "version": "0.1.0",
          "from": "base64id@0.1.0"
        },
        "redis": {
          "version": "0.7.3",
          "from": "redis@0.7.3"
        }
      }
    },
    "tmp": {
      "version": "0.0.23",
      "from": "tmp@0.0.23"
    },
    "winston": {
      "version": "0.7.3",
      "from": "winston@~0.7.2",
      "dependencies": {
        "async": {
          "version": "0.2.10",
          "from": "async@0.2.x"
        },
        "colors": {
          "version": "0.6.2",
          "from": "colors@0.6.x"
        },
        "cycle": {
          "version": "1.0.3",
          "from": "cycle@1.0.x"
        },
        "eyes": {
          "version": "0.1.8",
          "from": "eyes@0.1.x"
        },
        "pkginfo": {
          "version": "0.3.0",
          "from": "pkginfo@0.3.x"
        },
        "request": {
          "version": "2.16.6",
          "from": "request@2.16.x",
          "dependencies": {
            "form-data": {
              "version": "0.0.10",
              "from": "form-data@~0.0.3",
              "dependencies": {
                "combined-stream": {
                  "version": "0.0.4",
                  "from": "combined-stream@~0.0.4",
                  "dependencies": {
                    "delayed-stream": {
                      "version": "0.0.5",
                      "from": "delayed-stream@0.0.5"
                    }
                  }
                }
              }
            },
            "hawk": {
              "version": "0.10.2",
              "from": "hawk@~0.10.2",
              "dependencies": {
                "hoek": {
                  "version": "0.7.6",
                  "from": "hoek@0.7.x"
                },
                "boom": {
                  "version": "0.3.8",
                  "from": "boom@0.3.x"
                },
                "cryptiles": {
                  "version": "0.1.3",
                  "from": "cryptiles@0.1.x"
                },
                "sntp": {
                  "version": "0.1.4",
                  "from": "sntp@0.1.x"
                }
              }
            },
            "node-uuid": {
              "version": "1.4.1",
              "from": "node-uuid@~1.4.0"
            },
            "cookie-jar": {
              "version": "0.2.0",
              "from": "cookie-jar@~0.2.0"
            },
            "aws-sign": {
              "version": "0.2.0",
              "from": "aws-sign@~0.2.0"
            },
            "oauth-sign": {
              "version": "0.2.0",
              "from": "oauth-sign@~0.2.0"
            },
            "forever-agent": {
              "version": "0.2.0",
              "from": "forever-agent@~0.2.0"
            },
            "tunnel-agent": {
              "version": "0.2.0",
              "from": "tunnel-agent@~0.2.0"
            },
            "json-stringify-safe": {
              "version": "3.0.0",
              "from": "json-stringify-safe@~3.0.0"
            },
            "qs": {
              "version": "0.5.6",
              "from": "qs@~0.5.4"
            }
          }
        },
        "stack-trace": {
          "version": "0.0.9",
          "from": "stack-trace@0.0.x"
        }
      }
    }
  }
}
